// !$*UTF8*$!
{
	archiveVersion = 1;
	classes = {
	};
	objectVersion = 46;
	objects = {

/* Begin PBXBuildFile section */
		22BD5B8B1DF098C600432B2C /* AppDelegate.swift in Sources */ = {isa = PBXBuildFile; fileRef = 22BD5B8A1DF098C600432B2C /* AppDelegate.swift */; };
		22BD5B8D1DF098C600432B2C /* MasterViewController.swift in Sources */ = {isa = PBXBuildFile; fileRef = 22BD5B8C1DF098C600432B2C /* MasterViewController.swift */; };
		22BD5B8F1DF098C600432B2C /* DetailViewController.swift in Sources */ = {isa = PBXBuildFile; fileRef = 22BD5B8E1DF098C600432B2C /* DetailViewController.swift */; };
		22BD5B921DF098C600432B2C /* Main.storyboard in Resources */ = {isa = PBXBuildFile; fileRef = 22BD5B901DF098C600432B2C /* Main.storyboard */; };
		22BD5B941DF098C600432B2C /* Assets.xcassets in Resources */ = {isa = PBXBuildFile; fileRef = 22BD5B931DF098C600432B2C /* Assets.xcassets */; };
		22BD5B971DF098C600432B2C /* LaunchScreen.storyboard in Resources */ = {isa = PBXBuildFile; fileRef = 22BD5B951DF098C600432B2C /* LaunchScreen.storyboard */; };
		22BD5BA21DF098C600432B2C /* RelationshipDemoTests.swift in Sources */ = {isa = PBXBuildFile; fileRef = 22BD5BA11DF098C600432B2C /* RelationshipDemoTests.swift */; };
/* End PBXBuildFile section */

/* Begin PBXContainerItemProxy section */
		22BD5B9E1DF098C600432B2C /* PBXContainerItemProxy */ = {
			isa = PBXContainerItemProxy;
			containerPortal = 22BD5B7F1DF098C600432B2C /* Project object */;
			proxyType = 1;
			remoteGlobalIDString = 22BD5B861DF098C600432B2C;
			remoteInfo = RelationshipDemo;
		};
/* End PBXContainerItemProxy section */

/* Begin PBXFileReference section */
		22BD5B871DF098C600432B2C /* RelationshipDemo.app */ = {isa = PBXFileReference; explicitFileType = wrapper.application; includeInIndex = 0; path = RelationshipDemo.app; sourceTree = BUILT_PRODUCTS_DIR; };
		22BD5B8A1DF098C600432B2C /* AppDelegate.swift */ = {isa = PBXFileReference; lastKnownFileType = sourcecode.swift; path = AppDelegate.swift; sourceTree = "<group>"; };
		22BD5B8C1DF098C600432B2C /* MasterViewController.swift */ = {isa = PBXFileReference; lastKnownFileType = sourcecode.swift; path = MasterViewController.swift; sourceTree = "<group>"; };
		22BD5B8E1DF098C600432B2C /* DetailViewController.swift */ = {isa = PBXFileReference; lastKnownFileType = sourcecode.swift; path = DetailViewController.swift; sourceTree = "<group>"; };
		22BD5B911DF098C600432B2C /* Base */ = {isa = PBXFileReference; lastKnownFileType = file.storyboard; name = Base; path = Base.lproj/Main.storyboard; sourceTree = "<group>"; };
		22BD5B931DF098C600432B2C /* Assets.xcassets */ = {isa = PBXFileReference; lastKnownFileType = folder.assetcatalog; path = Assets.xcassets; sourceTree = "<group>"; };
		22BD5B961DF098C600432B2C /* Base */ = {isa = PBXFileReference; lastKnownFileType = file.storyboard; name = Base; path = Base.lproj/LaunchScreen.storyboard; sourceTree = "<group>"; };
		22BD5B981DF098C600432B2C /* Info.plist */ = {isa = PBXFileReference; lastKnownFileType = text.plist.xml; path = Info.plist; sourceTree = "<group>"; };
		22BD5B9D1DF098C600432B2C /* RelationshipDemoTests.xctest */ = {isa = PBXFileReference; explicitFileType = wrapper.cfbundle; includeInIndex = 0; path = RelationshipDemoTests.xctest; sourceTree = BUILT_PRODUCTS_DIR; };
		22BD5BA11DF098C600432B2C /* RelationshipDemoTests.swift */ = {isa = PBXFileReference; lastKnownFileType = sourcecode.swift; path = RelationshipDemoTests.swift; sourceTree = "<group>"; };
		22BD5BA31DF098C600432B2C /* Info.plist */ = {isa = PBXFileReference; lastKnownFileType = text.plist.xml; path = Info.plist; sourceTree = "<group>"; };
/* End PBXFileReference section */

/* Begin PBXFrameworksBuildPhase section */
		22BD5B841DF098C600432B2C /* Frameworks */ = {
			isa = PBXFrameworksBuildPhase;
			buildActionMask = 2147483647;
			files = (
			);
			runOnlyForDeploymentPostprocessing = 0;
		};
		22BD5B9A1DF098C600432B2C /* Frameworks */ = {
			isa = PBXFrameworksBuildPhase;
			buildActionMask = 2147483647;
			files = (
			);
			runOnlyForDeploymentPostprocessing = 0;
		};
/* End PBXFrameworksBuildPhase section */

/* Begin PBXGroup section */
		22BD5B7E1DF098C600432B2C = {
			isa = PBXGroup;
			children = (
				22BD5B891DF098C600432B2C /* RelationshipDemo */,
				22BD5BA01DF098C600432B2C /* RelationshipDemoTests */,
				22BD5B881DF098C600432B2C /* Products */,
			);
			sourceTree = "<group>";
		};
		22BD5B881DF098C600432B2C /* Products */ = {
			isa = PBXGroup;
			children = (
				22BD5B871DF098C600432B2C /* RelationshipDemo.app */,
				22BD5B9D1DF098C600432B2C /* RelationshipDemoTests.xctest */,
			);
			name = Products;
			sourceTree = "<group>";
		};
		22BD5B891DF098C600432B2C /* RelationshipDemo */ = {
			isa = PBXGroup;
			children = (
				22BD5B8A1DF098C600432B2C /* AppDelegate.swift */,
				22BD5B8C1DF098C600432B2C /* MasterViewController.swift */,
				22BD5B8E1DF098C600432B2C /* DetailViewController.swift */,
				22BD5B901DF098C600432B2C /* Main.storyboard */,
				22BD5B931DF098C600432B2C /* Assets.xcassets */,
				22BD5B951DF098C600432B2C /* LaunchScreen.storyboard */,
				22BD5B981DF098C600432B2C /* Info.plist */,
			);
			path = RelationshipDemo;
			sourceTree = "<group>";
		};
		22BD5BA01DF098C600432B2C /* RelationshipDemoTests */ = {
			isa = PBXGroup;
			children = (
				22BD5BA11DF098C600432B2C /* RelationshipDemoTests.swift */,
				22BD5BA31DF098C600432B2C /* Info.plist */,
			);
			path = RelationshipDemoTests;
			sourceTree = "<group>";
		};
/* End PBXGroup section */

/* Begin PBXNativeTarget section */
		22BD5B861DF098C600432B2C /* RelationshipDemo */ = {
			isa = PBXNativeTarget;
			buildConfigurationList = 22BD5BA61DF098C600432B2C /* Build configuration list for PBXNativeTarget "RelationshipDemo" */;
			buildPhases = (
				22BD5B831DF098C600432B2C /* Sources */,
				22BD5B841DF098C600432B2C /* Frameworks */,
				22BD5B851DF098C600432B2C /* Resources */,
			);
			buildRules = (
			);
			dependencies = (
			);
			name = RelationshipDemo;
			productName = RelationshipDemo;
			productReference = 22BD5B871DF098C600432B2C /* RelationshipDemo.app */;
			productType = "com.apple.product-type.application";
		};
		22BD5B9C1DF098C600432B2C /* RelationshipDemoTests */ = {
			isa = PBXNativeTarget;
			buildConfigurationList = 22BD5BA91DF098C600432B2C /* Build configuration list for PBXNativeTarget "RelationshipDemoTests" */;
			buildPhases = (
				22BD5B991DF098C600432B2C /* Sources */,
				22BD5B9A1DF098C600432B2C /* Frameworks */,
				22BD5B9B1DF098C600432B2C /* Resources */,
			);
			buildRules = (
			);
			dependencies = (
				22BD5B9F1DF098C600432B2C /* PBXTargetDependency */,
			);
			name = RelationshipDemoTests;
			productName = RelationshipDemoTests;
			productReference = 22BD5B9D1DF098C600432B2C /* RelationshipDemoTests.xctest */;
			productType = "com.apple.product-type.bundle.unit-test";
		};
/* End PBXNativeTarget section */

/* Begin PBXProject section */
		22BD5B7F1DF098C600432B2C /* Project object */ = {
			isa = PBXProject;
			attributes = {
				LastSwiftUpdateCheck = 0810;
				LastUpgradeCheck = 0810;
				ORGANIZATIONNAME = "Sam Meech-Ward";
				TargetAttributes = {
					22BD5B861DF098C600432B2C = {
						CreatedOnToolsVersion = 8.1;
						DevelopmentTeam = 7GT6EK8D4J;
						ProvisioningStyle = Automatic;
					};
					22BD5B9C1DF098C600432B2C = {
						CreatedOnToolsVersion = 8.1;
						DevelopmentTeam = 7GT6EK8D4J;
						ProvisioningStyle = Automatic;
						TestTargetID = 22BD5B861DF098C600432B2C;
					};
				};
			};
			buildConfigurationList = 22BD5B821DF098C600432B2C /* Build configuration list for PBXProject "RelationshipDemo" */;
			compatibilityVersion = "Xcode 3.2";
			developmentRegion = English;
			hasScannedForEncodings = 0;
			knownRegions = (
				en,
				Base,
			);
			mainGroup = 22BD5B7E1DF098C600432B2C;
			productRefGroup = 22BD5B881DF098C600432B2C /* Products */;
			projectDirPath = "";
			projectRoot = "";
			targets = (
				22BD5B861DF098C600432B2C /* RelationshipDemo */,
				22BD5B9C1DF098C600432B2C /* RelationshipDemoTests */,
			);
		};
/* End PBXProject section */

/* Begin PBXResourcesBuildPhase section */
		22BD5B851DF098C600432B2C /* Resources */ = {
			isa = PBXResourcesBuildPhase;
			buildActionMask = 2147483647;
			files = (
				22BD5B971DF098C600432B2C /* LaunchScreen.storyboard in Resources */,
				22BD5B941DF098C600432B2C /* Assets.xcassets in Resources */,
				22BD5B921DF098C600432B2C /* Main.storyboard in Resources */,
			);
			runOnlyForDeploymentPostprocessing = 0;
		};
		22BD5B9B1DF098C600432B2C /* Resources */ = {
			isa = PBXResourcesBuildPhase;
			buildActionMask = 2147483647;
			files = (
			);
			runOnlyForDeploymentPostprocessing = 0;
		};
/* End PBXResourcesBuildPhase section */

/* Begin PBXSourcesBuildPhase section */
		22BD5B831DF098C600432B2C /* Sources */ = {
			isa = PBXSourcesBuildPhase;
			buildActionMask = 2147483647;
			files = (
				22BD5B8F1DF098C600432B2C /* DetailViewController.swift in Sources */,
				22BD5B8D1DF098C600432B2C /* MasterViewController.swift in Sources */,
				22BD5B8B1DF098C600432B2C /* AppDelegate.swift in Sources */,
			);
			runOnlyForDeploymentPostprocessing = 0;
		};
		22BD5B991DF098C600432B2C /* Sources */ = {
			isa = PBXSourcesBuildPhase;
			buildActionMask = 2147483647;
			files = (
				22BD5BA21DF098C600432B2C /* RelationshipDemoTests.swift in Sources */,
			);
			runOnlyForDeploymentPostprocessing = 0;
		};
/* End PBXSourcesBuildPhase section */

/* Begin PBXTargetDependency section */
		22BD5B9F1DF098C600432B2C /* PBXTargetDependency */ = {
			isa = PBXTargetDependency;
			target = 22BD5B861DF098C600432B2C /* RelationshipDemo */;
			targetProxy = 22BD5B9E1DF098C600432B2C /* PBXContainerItemProxy */;
		};
/* End PBXTargetDependency section */

/* Begin PBXVariantGroup section */
		22BD5B901DF098C600432B2C /* Main.storyboard */ = {
			isa = PBXVariantGroup;
			children = (
				22BD5B911DF098C600432B2C /* Base */,
			);
			name = Main.storyboard;
			sourceTree = "<group>";
		};
		22BD5B951DF098C600432B2C /* LaunchScreen.storyboard */ = {
			isa = PBXVariantGroup;
			children = (
				22BD5B961DF098C600432B2C /* Base */,
			);
			name = LaunchScreen.storyboard;
			sourceTree = "<group>";
		};
/* End PBXVariantGroup section */

/* Begin XCBuildConfiguration section */
		22BD5BA41DF098C600432B2C /* Debug */ = {
			isa = XCBuildConfiguration;
			buildSettings = {
				ALWAYS_SEARCH_USER_PATHS = NO;
				CLANG_ANALYZER_NONNULL = YES;
				CLANG_CXX_LANGUAGE_STANDARD = "gnu++0x";
				CLANG_CXX_LIBRARY = "libc++";
				CLANG_ENABLE_MODULES = YES;
				CLANG_ENABLE_OBJC_ARC = YES;
				CLANG_WARN_BOOL_CONVERSION = YES;
				CLANG_WARN_CONSTANT_CONVERSION = YES;
				CLANG_WARN_DIRECT_OBJC_ISA_USAGE = YES_ERROR;
				CLANG_WARN_DOCUMENTATION_COMMENTS = YES;
				CLANG_WARN_EMPTY_BODY = YES;
				CLANG_WARN_ENUM_CONVERSION = YES;
				CLANG_WARN_INFINITE_RECURSION = YES;
				CLANG_WARN_INT_CONVERSION = YES;
				CLANG_WARN_OBJC_ROOT_CLASS = YES_ERROR;
				CLANG_WARN_SUSPICIOUS_MOVES = YES;
				CLANG_WARN_UNREACHABLE_CODE = YES;
				CLANG_WARN__DUPLICATE_METHOD_MATCH = YES;
				"CODE_SIGN_IDENTITY[sdk=iphoneos*]" = "iPhone Developer";
				COPY_PHASE_STRIP = NO;
				DEBUG_INFORMATION_FORMAT = dwarf;
				ENABLE_STRICT_OBJC_MSGSEND = YES;
				ENABLE_TESTABILITY = YES;
				GCC_C_LANGUAGE_STANDARD = gnu99;
				GCC_DYNAMIC_NO_PIC = NO;
				GCC_NO_COMMON_BLOCKS = YES;
				GCC_OPTIMIZATION_LEVEL = 0;
				GCC_PREPROCESSOR_DEFINITIONS = (
					"DEBUG=1",
					"$(inherited)",
				);
				GCC_WARN_64_TO_32_BIT_CONVERSION = YES;
				GCC_WARN_ABOUT_RETURN_TYPE = YES_ERROR;
				GCC_WARN_UNDECLARED_SELECTOR = YES;
				GCC_WARN_UNINITIALIZED_AUTOS = YES_AGGRESSIVE;
				GCC_WARN_UNUSED_FUNCTION = YES;
				GCC_WARN_UNUSED_VARIABLE = YES;
				IPHONEOS_DEPLOYMENT_TARGET = 10.1;
				MTL_ENABLE_DEBUG_INFO = YES;
				ONLY_ACTIVE_ARCH = YES;
				SDKROOT = iphoneos;
				SWIFT_ACTIVE_COMPILATION_CONDITIONS = DEBUG;
				SWIFT_OPTIMIZATION_LEVEL = "-Onone";
			};
			name = Debug;
		};
		22BD5BA51DF098C600432B2C /* Release */ = {
			isa = XCBuildConfiguration;
			buildSettings = {
				ALWAYS_SEARCH_USER_PATHS = NO;
				CLANG_ANALYZER_NONNULL = YES;
				CLANG_CXX_LANGUAGE_STANDARD = "gnu++0x";
				CLANG_CXX_LIBRARY = "libc++";
				CLANG_ENABLE_MODULES = YES;
				CLANG_ENABLE_OBJC_ARC = YES;
				CLANG_WARN_BOOL_CONVERSION = YES;
				CLANG_WARN_CONSTANT_CONVERSION = YES;
				CLANG_WARN_DIRECT_OBJC_ISA_USAGE = YES_ERROR;
				CLANG_WARN_DOCUMENTATION_COMMENTS = YES;
				CLANG_WARN_EMPTY_BODY = YES;
				CLANG_WARN_ENUM_CONVERSION = YES;
				CLANG_WARN_INFINITE_RECURSION = YES;
				CLANG_WARN_INT_CONVERSION = YES;
				CLANG_WARN_OBJC_ROOT_CLASS = YES_ERROR;
				CLANG_WARN_SUSPICIOUS_MOVES = YES;
				CLANG_WARN_UNREACHABLE_CODE = YES;
				CLANG_WARN__DUPLICATE_METHOD_MATCH = YES;
				"CODE_SIGN_IDENTITY[sdk=iphoneos*]" = "iPhone Developer";
				COPY_PHASE_STRIP = NO;
				DEBUG_INFORMATION_FORMAT = "dwarf-with-dsym";
				ENABLE_NS_ASSERTIONS = NO;
				ENABLE_STRICT_OBJC_MSGSEND = YES;
				GCC_C_LANGUAGE_STANDARD = gnu99;
				GCC_NO_COMMON_BLOCKS = YES;
				GCC_WARN_64_TO_32_BIT_CONVERSION = YES;
				GCC_WARN_ABOUT_RETURN_TYPE = YES_ERROR;
				GCC_WARN_UNDECLARED_SELECTOR = YES;
				GCC_WARN_UNINITIALIZED_AUTOS = YES_AGGRESSIVE;
				GCC_WARN_UNUSED_FUNCTION = YES;
				GCC_WARN_UNUSED_VARIABLE = YES;
				IPHONEOS_DEPLOYMENT_TARGET = 10.1;
				MTL_ENABLE_DEBUG_INFO = NO;
				SDKROOT = iphoneos;
				SWIFT_OPTIMIZATION_LEVEL = "-Owholemodule";
				VALIDATE_PRODUCT = YES;
			};
			name = Release;
		};
		22BD5BA71DF098C600432B2C /* Debug */ = {
			isa = XCBuildConfiguration;
			buildSettings = {
				ASSETCATALOG_COMPILER_APPICON_NAME = AppIcon;
				DEVELOPMENT_TEAM = 7GT6EK8D4J;
				INFOPLIST_FILE = RelationshipDemo/Info.plist;
				LD_RUNPATH_SEARCH_PATHS = "$(inherited) @executable_path/Frameworks";
				PRODUCT_BUNDLE_IDENTIFIER = "com.meech-ward.test.RelationshipDemo";
				PRODUCT_NAME = "$(TARGET_NAME)";
				SWIFT_VERSION = 3.0;
			};
			name = Debug;
		};
		22BD5BA81DF098C600432B2C /* Release */ = {
			isa = XCBuildConfiguration;
			buildSettings = {
				ASSETCATALOG_COMPILER_APPICON_NAME = AppIcon;
				DEVELOPMENT_TEAM = 7GT6EK8D4J;
				INFOPLIST_FILE = RelationshipDemo/Info.plist;
				LD_RUNPATH_SEARCH_PATHS = "$(inherited) @executable_path/Frameworks";
				PRODUCT_BUNDLE_IDENTIFIER = "com.meech-ward.test.RelationshipDemo";
				PRODUCT_NAME = "$(TARGET_NAME)";
				SWIFT_VERSION = 3.0;
			};
			name = Release;
		};
		22BD5BAA1DF098C600432B2C /* Debug */ = {
			isa = XCBuildConfiguration;
			buildSettings = {
				ALWAYS_EMBED_SWIFT_STANDARD_LIBRARIES = YES;
				BUNDLE_LOADER = "$(TEST_HOST)";
				DEVELOPMENT_TEAM = 7GT6EK8D4J;
				INFOPLIST_FILE = RelationshipDemoTests/Info.plist;
				LD_RUNPATH_SEARCH_PATHS = "$(inherited) @executable_path/Frameworks @loader_path/Frameworks";
				PRODUCT_BUNDLE_IDENTIFIER = "com.meech-ward.test.RelationshipDemoTests";
				PRODUCT_NAME = "$(TARGET_NAME)";
				SWIFT_VERSION = 3.0;
				TEST_HOST = "$(BUILT_PRODUCTS_DIR)/RelationshipDemo.app/RelationshipDemo";
			};
			name = Debug;
		};
		22BD5BAB1DF098C600432B2C /* Release */ = {
			isa = XCBuildConfiguration;
			buildSettings = {
				ALWAYS_EMBED_SWIFT_STANDARD_LIBRARIES = YES;
				BUNDLE_LOADER = "$(TEST_HOST)";
				DEVELOPMENT_TEAM = 7GT6EK8D4J;
				INFOPLIST_FILE = RelationshipDemoTests/Info.plist;
				LD_RUNPATH_SEARCH_PATHS = "$(inherited) @executable_path/Frameworks @loader_path/Frameworks";
				PRODUCT_BUNDLE_IDENTIFIER = "com.meech-ward.test.RelationshipDemoTests";
				PRODUCT_NAME = "$(TARGET_NAME)";
				SWIFT_VERSION = 3.0;
				TEST_HOST = "$(BUILT_PRODUCTS_DIR)/RelationshipDemo.app/RelationshipDemo";
			};
			name = Release;
		};
/* End XCBuildConfiguration section */

/* Begin XCConfigurationList section */
		22BD5B821DF098C600432B2C /* Build configuration list for PBXProject "RelationshipDemo" */ = {
			isa = XCConfigurationList;
			buildConfigurations = (
				22BD5BA41DF098C600432B2C /* Debug */,
				22BD5BA51DF098C600432B2C /* Release */,
			);
			defaultConfigurationIsVisible = 0;
			defaultConfigurationName = Release;
		};
		22BD5BA61DF098C600432B2C /* Build configuration list for PBXNativeTarget "RelationshipDemo" */ = {
			isa = XCConfigurationList;
			buildConfigurations = (
				22BD5BA71DF098C600432B2C /* Debug */,
				22BD5BA81DF098C600432B2C /* Release */,
			);
			defaultConfigurationIsVisible = 0;
		};
		22BD5BA91DF098C600432B2C /* Build configuration list for PBXNativeTarget "RelationshipDemoTests" */ = {
			isa = XCConfigurationList;
			buildConfigurations = (
				22BD5BAA1DF098C600432B2C /* Debug */,
				22BD5BAB1DF098C600432B2C /* Release */,
			);
			defaultConfigurationIsVisible = 0;
		};
/* End XCConfigurationList section */
	};
	rootObject = 22BD5B7F1DF098C600432B2C /* Project object */;
}
